{
    "_readme": [
        "This file locks the dependencies of your project to a known state",
        "Read more about it at https://getcomposer.org/doc/01-basic-usage.md#composer-lock-the-lock-file",
        "This file is @generated automatically"
    ],
    "hash": "f537c4e2a902e64e34cbb50aa60af400",
    "content-hash": "4872605512ca1b9a5fa2cdc69a1a28e7",
    "packages": [],
    "packages-dev": [],
    "aliases": [],
    "minimum-stability": "stable",
    "stability-flags": [],
    "prefer-stable": false,
    "prefer-lowest": false,
    "platform": {
        "php": "^7.0.30",
        "ext-bcmath": "*",
        "ext-mcrypt": "*",
        "ext-memcached": "*",
        "ext-mongodb": "^1.1.0"
    },
    "platform-dev": []
}
